
Microsoft Visual Studio Solution File, Format Version 12.00
# Visual Studio 2012
Project("{FAE04EC0-301F-11D3-BF4B-00C04F79EFBC}") = "MathService1", "MathService1\MathService1.csproj", "{28E247C8-CEF5-4770-9E1B-DCBD963029ED}"
EndProject
Project("{FAE04EC0-301F-11D3-BF4B-00C04F79EFBC}") = "MathServiceTestApp1", "MathServiceTestApp1\MathServiceTestApp1.csproj", "{94EEFA9A-9916-4256-932E-4E5BF93F68D5}"
	ProjectSection(ProjectDependencies) = postProject
		{28E247C8-CEF5-4770-9E1B-DCBD963029ED} = {28E247C8-CEF5-4770-9E1B-DCBD963029ED}
	EndProjectSection
EndProject
Global
	GlobalSection(SolutionConfigurationPlatforms) = preSolution
		Debug|Any CPU = Debug|Any CPU
		Release|Any CPU = Release|Any CPU
	EndGlobalSection
	GlobalSection(ProjectConfigurationPlatforms) = postSolution
		{28E247C8-CEF5-4770-9E1B-DCBD963029ED}.Debug|Any CPU.ActiveCfg = Debug|Any CPU
		{28E247C8-CEF5-4770-9E1B-DCBD963029ED}.Debug|Any CPU.Build.0 = Debug|Any CPU
		{28E247C8-CEF5-4770-9E1B-DCBD963029ED}.Release|Any CPU.ActiveCfg = Release|Any CPU
		{28E247C8-CEF5-4770-9E1B-DCBD963029ED}.Release|Any CPU.Build.0 = Release|Any CPU
		{94EEFA9A-9916-4256-932E-4E5BF93F68D5}.Debug|Any CPU.ActiveCfg = Debug|Any CPU
		{94EEFA9A-9916-4256-932E-4E5BF93F68D5}.Debug|Any CPU.Build.0 = Debug|Any CPU
		{94EEFA9A-9916-4256-932E-4E5BF93F68D5}.Release|Any CPU.ActiveCfg = Release|Any CPU
		{94EEFA9A-9916-4256-932E-4E5BF93F68D5}.Release|Any CPU.Build.0 = Release|Any CPU
	EndGlobalSection
	GlobalSection(SolutionProperties) = preSolution
		HideSolutionNode = FALSE
	EndGlobalSection
EndGlobal
